// !$*UTF8*$!
{
	archiveVersion = 1;
	classes = {
	};
	objectVersion = 55;
	objects = {

/* Begin PBXBuildFile section */
		801C215B29552849008072D8 /* OHHTTPStubs in Frameworks */ = {isa = PBXBuildFile; productRef = 801C215A29552849008072D8 /* OHHTTPStubs */; };
		801C215D29552849008072D8 /* OHHTTPStubsSwift in Frameworks */ = {isa = PBXBuildFile; productRef = 801C215C29552849008072D8 /* OHHTTPStubsSwift */; };
		801C2160295529AA008072D8 /* JSONFile.swift in Sources */ = {isa = PBXBuildFile; fileRef = 801C215F295529AA008072D8 /* JSONFile.swift */; };
		801C21632955366C008072D8 /* JSONPlaceholder.json in Resources */ = {isa = PBXBuildFile; fileRef = 801C21622955366C008072D8 /* JSONPlaceholder.json */; };
		801C216529553BDC008072D8 /* GeckoEndpoint.swift in Sources */ = {isa = PBXBuildFile; fileRef = 801C216429553BDC008072D8 /* GeckoEndpoint.swift */; };
		801C216729553E7D008072D8 /* GeckoService.swift in Sources */ = {isa = PBXBuildFile; fileRef = 801C216629553E7D008072D8 /* GeckoService.swift */; };
		801C216929554B98008072D8 /* OpenAIService.swift in Sources */ = {isa = PBXBuildFile; fileRef = 801C216829554B98008072D8 /* OpenAIService.swift */; };
		801C216B29554BEE008072D8 /* OpenAIModels.swift in Sources */ = {isa = PBXBuildFile; fileRef = 801C216A29554BEE008072D8 /* OpenAIModels.swift */; };
		801C216D29554C86008072D8 /* OpenAIEndpoint.swift in Sources */ = {isa = PBXBuildFile; fileRef = 801C216C29554C86008072D8 /* OpenAIEndpoint.swift */; };
		801C216F29555B4A008072D8 /* OpenAITests.swift in Sources */ = {isa = PBXBuildFile; fileRef = 801C216E29555B4A008072D8 /* OpenAITests.swift */; };
		801C217129555E97008072D8 /* Dictionary.swift in Sources */ = {isa = PBXBuildFile; fileRef = 801C217029555E97008072D8 /* Dictionary.swift */; };
		801C21732955633E008072D8 /* Encodable.swift in Sources */ = {isa = PBXBuildFile; fileRef = 801C21722955633E008072D8 /* Encodable.swift */; };
		8082773F2957C7C700CCA40B /* Button.swift in Sources */ = {isa = PBXBuildFile; fileRef = 8082773E2957C7C700CCA40B /* Button.swift */; };
		808277412957D23000CCA40B /* RecommendationsView.swift in Sources */ = {isa = PBXBuildFile; fileRef = 808277402957D23000CCA40B /* RecommendationsView.swift */; };
		808277432957D30600CCA40B /* MainHeadingView.swift in Sources */ = {isa = PBXBuildFile; fileRef = 808277422957D30600CCA40B /* MainHeadingView.swift */; };
		808277452957D5A700CCA40B /* ArticleRepository.swift in Sources */ = {isa = PBXBuildFile; fileRef = 808277442957D5A700CCA40B /* ArticleRepository.swift */; };
		808277482958C80B00CCA40B /* StringExtTests.swift in Sources */ = {isa = PBXBuildFile; fileRef = 808277472958C80B00CCA40B /* StringExtTests.swift */; };
		8082774A2958CFA100CCA40B /* StringExtension.swift in Sources */ = {isa = PBXBuildFile; fileRef = 808277492958CFA100CCA40B /* StringExtension.swift */; };
		8082774C2958E0BE00CCA40B /* NewsFeed.swift in Sources */ = {isa = PBXBuildFile; fileRef = 8082774B2958E0BE00CCA40B /* NewsFeed.swift */; };
		8082774E2958E30D00CCA40B /* ArticleView.swift in Sources */ = {isa = PBXBuildFile; fileRef = 8082774D2958E30D00CCA40B /* ArticleView.swift */; };
		808277502958E40400CCA40B /* NewsItem.swift in Sources */ = {isa = PBXBuildFile; fileRef = 8082774F2958E40400CCA40B /* NewsItem.swift */; };
		80827754295903E100CCA40B /* Router.swift in Sources */ = {isa = PBXBuildFile; fileRef = 80827753295903E100CCA40B /* Router.swift */; };
		80B2222E295A136600E3DA6F /* RootView.swift in Sources */ = {isa = PBXBuildFile; fileRef = 80B2222D295A136600E3DA6F /* RootView.swift */; };
		80B22230295A1C9E00E3DA6F /* ToolbarModifier.swift in Sources */ = {isa = PBXBuildFile; fileRef = 80B2222F295A1C9E00E3DA6F /* ToolbarModifier.swift */; };
		80C0A00629556D6B000D6E30 /* completion.json in Resources */ = {isa = PBXBuildFile; fileRef = 80C0A00529556D6B000D6E30 /* completion.json */; };
		80C0A00929557634000D6E30 /* Constants.swift in Sources */ = {isa = PBXBuildFile; fileRef = 80C0A00829557634000D6E30 /* Constants.swift */; };
		80C0A00B2956091A000D6E30 /* CryptoCompareEndpoint.swift in Sources */ = {isa = PBXBuildFile; fileRef = 80C0A00A29560919000D6E30 /* CryptoCompareEndpoint.swift */; };
		80C0A00D29560A46000D6E30 /* CryptoCompareModels.swift in Sources */ = {isa = PBXBuildFile; fileRef = 80C0A00C29560A46000D6E30 /* CryptoCompareModels.swift */; };
		80C0A00F29560B10000D6E30 /* CryptoCompare.json in Resources */ = {isa = PBXBuildFile; fileRef = 80C0A00E29560B10000D6E30 /* CryptoCompare.json */; };
		80C0A01129560EBE000D6E30 /* CryptoCompareService.swift in Sources */ = {isa = PBXBuildFile; fileRef = 80C0A01029560EBE000D6E30 /* CryptoCompareService.swift */; };
		80C0A01329561072000D6E30 /* URLQueryItemConvertable.swift in Sources */ = {isa = PBXBuildFile; fileRef = 80C0A01229561072000D6E30 /* URLQueryItemConvertable.swift */; };
		80C0A015295611D5000D6E30 /* CryptoCompareTests.swift in Sources */ = {isa = PBXBuildFile; fileRef = 80C0A014295611D5000D6E30 /* CryptoCompareTests.swift */; };
		80C0A01829563E81000D6E30 /* BackedCodable in Frameworks */ = {isa = PBXBuildFile; productRef = 80C0A01729563E81000D6E30 /* BackedCodable */; };
		80C0A01C295658C9000D6E30 /* CryptoCompareNewsCategories.json in Resources */ = {isa = PBXBuildFile; fileRef = 80C0A01B295658C9000D6E30 /* CryptoCompareNewsCategories.json */; };
		80C0A02129566E56000D6E30 /* ArticleSummaryView.swift in Sources */ = {isa = PBXBuildFile; fileRef = 80C0A02029566E56000D6E30 /* ArticleSummaryView.swift */; };
		80C0A02829575299000D6E30 /* Environment.swift in Sources */ = {isa = PBXBuildFile; fileRef = 80C0A02729575299000D6E30 /* Environment.swift */; };
		80C0A02A295753B4000D6E30 /* AppEnvironment.swift in Sources */ = {isa = PBXBuildFile; fileRef = 80C0A029295753B4000D6E30 /* AppEnvironment.swift */; };
		80C0A02C29575591000D6E30 /* CategoryRepository.swift in Sources */ = {isa = PBXBuildFile; fileRef = 80C0A02B29575591000D6E30 /* CategoryRepository.swift */; };
		80C0A04529579703000D6E30 /* DesignSystem in Frameworks */ = {isa = PBXBuildFile; productRef = 80C0A04429579703000D6E30 /* DesignSystem */; };
		80C0A04C29579B39000D6E30 /* LibreBaskerville-Bold.ttf in Resources */ = {isa = PBXBuildFile; fileRef = 80C0A04929579B39000D6E30 /* LibreBaskerville-Bold.ttf */; };
		80C287DA2954E3E300067BBC /* LivefrontChallengeApp.swift in Sources */ = {isa = PBXBuildFile; fileRef = 80C287D92954E3E300067BBC /* LivefrontChallengeApp.swift */; };
		80C287DE2954E3E700067BBC /* Assets.xcassets in Resources */ = {isa = PBXBuildFile; fileRef = 80C287DD2954E3E700067BBC /* Assets.xcassets */; };
		80C287E12954E3E700067BBC /* Preview Assets.xcassets in Resources */ = {isa = PBXBuildFile; fileRef = 80C287E02954E3E700067BBC /* Preview Assets.xcassets */; };
		80C287EB2954E3E800067BBC /* LivefrontChallengeTests.swift in Sources */ = {isa = PBXBuildFile; fileRef = 80C287EA2954E3E800067BBC /* LivefrontChallengeTests.swift */; };
		80C287F52954E3E800067BBC /* LivefrontChallengeUITests.swift in Sources */ = {isa = PBXBuildFile; fileRef = 80C287F42954E3E800067BBC /* LivefrontChallengeUITests.swift */; };
		80C287F72954E3E800067BBC /* LivefrontChallengeUITestsLaunchTests.swift in Sources */ = {isa = PBXBuildFile; fileRef = 80C287F62954E3E800067BBC /* LivefrontChallengeUITestsLaunchTests.swift */; };
		80C288062954E8A400067BBC /* HTTPClient.swift in Sources */ = {isa = PBXBuildFile; fileRef = 80C288052954E8A400067BBC /* HTTPClient.swift */; };
		80C288092954EAAC00067BBC /* HTTPClientTests.swift in Sources */ = {isa = PBXBuildFile; fileRef = 80C288082954EAAC00067BBC /* HTTPClientTests.swift */; };
		80C2880E2954EC8300067BBC /* Endpoint.swift in Sources */ = {isa = PBXBuildFile; fileRef = 80C2880D2954EC8300067BBC /* Endpoint.swift */; };
		80C288112954EF7C00067BBC /* RequestMethod.swift in Sources */ = {isa = PBXBuildFile; fileRef = 80C288102954EF7C00067BBC /* RequestMethod.swift */; };
		80C288132954F06700067BBC /* RequestError.swift in Sources */ = {isa = PBXBuildFile; fileRef = 80C288122954F06700067BBC /* RequestError.swift */; };
		80C28817295508B500067BBC /* JSONPlaceHolderEndpoint.swift in Sources */ = {isa = PBXBuildFile; fileRef = 80C28816295508B500067BBC /* JSONPlaceHolderEndpoint.swift */; };
		80C2881A29550BA900067BBC /* JSONPlaceHolderService.swift in Sources */ = {isa = PBXBuildFile; fileRef = 80C2881929550BA900067BBC /* JSONPlaceHolderService.swift */; };
		80C2881D29550C1100067BBC /* JSONPlaceHolderResponse.swift in Sources */ = {isa = PBXBuildFile; fileRef = 80C2881C29550C1100067BBC /* JSONPlaceHolderResponse.swift */; };
		80F9E63F295A7EDC00222177 /* NewsListView.swift in Sources */ = {isa = PBXBuildFile; fileRef = 80F9E63E295A7EDC00222177 /* NewsListView.swift */; };
		80F9E642295A808300222177 /* RiveRuntime in Frameworks */ = {isa = PBXBuildFile; productRef = 80F9E641295A808300222177 /* RiveRuntime */; };
		80F9E64A295A826B00222177 /* tech.riv in Resources */ = {isa = PBXBuildFile; fileRef = 80F9E649295A826B00222177 /* tech.riv */; };
		80F9E64C295A8E1100222177 /* SwiftUIView.swift in Sources */ = {isa = PBXBuildFile; fileRef = 80F9E64B295A8E1100222177 /* SwiftUIView.swift */; };
		80F9E64E295AD05600222177 /* ContentGenerator.swift in Sources */ = {isa = PBXBuildFile; fileRef = 80F9E64D295AD05600222177 /* ContentGenerator.swift */; };
		80F9E650295ADE2500222177 /* HackerNews.swift in Sources */ = {isa = PBXBuildFile; fileRef = 80F9E64F295ADE2500222177 /* HackerNews.swift */; };
		80F9E652295AE09F00222177 /* HackerNewsService.swift in Sources */ = {isa = PBXBuildFile; fileRef = 80F9E651295AE09F00222177 /* HackerNewsService.swift */; };
/* End PBXBuildFile section */

/* Begin PBXContainerItemProxy section */
		80C287E72954E3E800067BBC /* PBXContainerItemProxy */ = {
			isa = PBXContainerItemProxy;
			containerPortal = 80C287CE2954E3E300067BBC /* Project object */;
			proxyType = 1;
			remoteGlobalIDString = 80C287D52954E3E300067BBC;
			remoteInfo = LivefrontChallenge;
		};
		80C287F12954E3E800067BBC /* PBXContainerItemProxy */ = {
			isa = PBXContainerItemProxy;
			containerPortal = 80C287CE2954E3E300067BBC /* Project object */;
			proxyType = 1;
			remoteGlobalIDString = 80C287D52954E3E300067BBC;
			remoteInfo = LivefrontChallenge;
		};
/* End PBXContainerItemProxy section */

/* Begin PBXFileReference section */
		801C215F295529AA008072D8 /* JSONFile.swift */ = {isa = PBXFileReference; lastKnownFileType = sourcecode.swift; path = JSONFile.swift; sourceTree = "<group>"; };
		801C21622955366C008072D8 /* JSONPlaceholder.json */ = {isa = PBXFileReference; lastKnownFileType = text.json; path = JSONPlaceholder.json; sourceTree = "<group>"; };
		801C216429553BDC008072D8 /* GeckoEndpoint.swift */ = {isa = PBXFileReference; lastKnownFileType = sourcecode.swift; path = GeckoEndpoint.swift; sourceTree = "<group>"; };
		801C216629553E7D008072D8 /* GeckoService.swift */ = {isa = PBXFileReference; lastKnownFileType = sourcecode.swift; path = GeckoService.swift; sourceTree = "<group>"; };
		801C216829554B98008072D8 /* OpenAIService.swift */ = {isa = PBXFileReference; lastKnownFileType = sourcecode.swift; path = OpenAIService.swift; sourceTree = "<group>"; };
		801C216A29554BEE008072D8 /* OpenAIModels.swift */ = {isa = PBXFileReference; lastKnownFileType = sourcecode.swift; path = OpenAIModels.swift; sourceTree = "<group>"; };
		801C216C29554C86008072D8 /* OpenAIEndpoint.swift */ = {isa = PBXFileReference; lastKnownFileType = sourcecode.swift; path = OpenAIEndpoint.swift; sourceTree = "<group>"; };
		801C216E29555B4A008072D8 /* OpenAITests.swift */ = {isa = PBXFileReference; lastKnownFileType = sourcecode.swift; path = OpenAITests.swift; sourceTree = "<group>"; };
		801C217029555E97008072D8 /* Dictionary.swift */ = {isa = PBXFileReference; lastKnownFileType = sourcecode.swift; path = Dictionary.swift; sourceTree = "<group>"; };
		801C21722955633E008072D8 /* Encodable.swift */ = {isa = PBXFileReference; lastKnownFileType = sourcecode.swift; path = Encodable.swift; sourceTree = "<group>"; };
		80216C6129579F9E001C9301 /* Info.plist */ = {isa = PBXFileReference; lastKnownFileType = text.plist; path = Info.plist; sourceTree = "<group>"; };
		8082773E2957C7C700CCA40B /* Button.swift */ = {isa = PBXFileReference; lastKnownFileType = sourcecode.swift; path = Button.swift; sourceTree = "<group>"; };
		808277402957D23000CCA40B /* RecommendationsView.swift */ = {isa = PBXFileReference; lastKnownFileType = sourcecode.swift; path = RecommendationsView.swift; sourceTree = "<group>"; };
		808277422957D30600CCA40B /* MainHeadingView.swift */ = {isa = PBXFileReference; lastKnownFileType = sourcecode.swift; path = MainHeadingView.swift; sourceTree = "<group>"; };
		808277442957D5A700CCA40B /* ArticleRepository.swift */ = {isa = PBXFileReference; lastKnownFileType = sourcecode.swift; path = ArticleRepository.swift; sourceTree = "<group>"; };
		808277472958C80B00CCA40B /* StringExtTests.swift */ = {isa = PBXFileReference; lastKnownFileType = sourcecode.swift; path = StringExtTests.swift; sourceTree = "<group>"; };
		808277492958CFA100CCA40B /* StringExtension.swift */ = {isa = PBXFileReference; lastKnownFileType = sourcecode.swift; path = StringExtension.swift; sourceTree = "<group>"; };
		8082774B2958E0BE00CCA40B /* NewsFeed.swift */ = {isa = PBXFileReference; lastKnownFileType = sourcecode.swift; path = NewsFeed.swift; sourceTree = "<group>"; };
		8082774D2958E30D00CCA40B /* ArticleView.swift */ = {isa = PBXFileReference; lastKnownFileType = sourcecode.swift; path = ArticleView.swift; sourceTree = "<group>"; };
		8082774F2958E40400CCA40B /* NewsItem.swift */ = {isa = PBXFileReference; lastKnownFileType = sourcecode.swift; path = NewsItem.swift; sourceTree = "<group>"; };
		80827753295903E100CCA40B /* Router.swift */ = {isa = PBXFileReference; lastKnownFileType = sourcecode.swift; path = Router.swift; sourceTree = "<group>"; };
		80B2222D295A136600E3DA6F /* RootView.swift */ = {isa = PBXFileReference; lastKnownFileType = sourcecode.swift; path = RootView.swift; sourceTree = "<group>"; };
		80B2222F295A1C9E00E3DA6F /* ToolbarModifier.swift */ = {isa = PBXFileReference; lastKnownFileType = sourcecode.swift; path = ToolbarModifier.swift; sourceTree = "<group>"; };
		80C0A00529556D6B000D6E30 /* completion.json */ = {isa = PBXFileReference; lastKnownFileType = text.json; path = completion.json; sourceTree = "<group>"; };
		80C0A00829557634000D6E30 /* Constants.swift */ = {isa = PBXFileReference; lastKnownFileType = sourcecode.swift; path = Constants.swift; sourceTree = "<group>"; };
		80C0A00A29560919000D6E30 /* CryptoCompareEndpoint.swift */ = {isa = PBXFileReference; lastKnownFileType = sourcecode.swift; path = CryptoCompareEndpoint.swift; sourceTree = "<group>"; };
		80C0A00C29560A46000D6E30 /* CryptoCompareModels.swift */ = {isa = PBXFileReference; lastKnownFileType = sourcecode.swift; path = CryptoCompareModels.swift; sourceTree = "<group>"; };
		80C0A00E29560B10000D6E30 /* CryptoCompare.json */ = {isa = PBXFileReference; lastKnownFileType = text.json; path = CryptoCompare.json; sourceTree = "<group>"; };
		80C0A01029560EBE000D6E30 /* CryptoCompareService.swift */ = {isa = PBXFileReference; lastKnownFileType = sourcecode.swift; path = CryptoCompareService.swift; sourceTree = "<group>"; };
		80C0A01229561072000D6E30 /* URLQueryItemConvertable.swift */ = {isa = PBXFileReference; lastKnownFileType = sourcecode.swift; path = URLQueryItemConvertable.swift; sourceTree = "<group>"; };
		80C0A014295611D5000D6E30 /* CryptoCompareTests.swift */ = {isa = PBXFileReference; lastKnownFileType = sourcecode.swift; path = CryptoCompareTests.swift; sourceTree = "<group>"; };
		80C0A01B295658C9000D6E30 /* CryptoCompareNewsCategories.json */ = {isa = PBXFileReference; lastKnownFileType = text.json; path = CryptoCompareNewsCategories.json; sourceTree = "<group>"; };
		80C0A02029566E56000D6E30 /* ArticleSummaryView.swift */ = {isa = PBXFileReference; lastKnownFileType = sourcecode.swift; path = ArticleSummaryView.swift; sourceTree = "<group>"; };
		80C0A02729575299000D6E30 /* Environment.swift */ = {isa = PBXFileReference; lastKnownFileType = sourcecode.swift; path = Environment.swift; sourceTree = "<group>"; };
		80C0A029295753B4000D6E30 /* AppEnvironment.swift */ = {isa = PBXFileReference; lastKnownFileType = sourcecode.swift; path = AppEnvironment.swift; sourceTree = "<group>"; };
		80C0A02B29575591000D6E30 /* CategoryRepository.swift */ = {isa = PBXFileReference; lastKnownFileType = sourcecode.swift; path = CategoryRepository.swift; sourceTree = "<group>"; };
		80C0A043295796F5000D6E30 /* DesignSystem */ = {isa = PBXFileReference; lastKnownFileType = text; name = DesignSystem; path = Sources/DesignSystem; sourceTree = SOURCE_ROOT; };
		80C0A04929579B39000D6E30 /* LibreBaskerville-Bold.ttf */ = {isa = PBXFileReference; lastKnownFileType = file; name = "LibreBaskerville-Bold.ttf"; path = "../../../../Dropbox (Personal)/My Mac (Velaru.cable.rcn.com)/Downloads/Libre_Baskerville/LibreBaskerville-Bold.ttf"; sourceTree = "<group>"; };
		80C287D62954E3E300067BBC /* LivefrontChallenge.app */ = {isa = PBXFileReference; explicitFileType = wrapper.application; includeInIndex = 0; path = LivefrontChallenge.app; sourceTree = BUILT_PRODUCTS_DIR; };
		80C287D92954E3E300067BBC /* LivefrontChallengeApp.swift */ = {isa = PBXFileReference; lastKnownFileType = sourcecode.swift; path = LivefrontChallengeApp.swift; sourceTree = "<group>"; };
		80C287DD2954E3E700067BBC /* Assets.xcassets */ = {isa = PBXFileReference; lastKnownFileType = folder.assetcatalog; path = Assets.xcassets; sourceTree = "<group>"; };
		80C287E02954E3E700067BBC /* Preview Assets.xcassets */ = {isa = PBXFileReference; lastKnownFileType = folder.assetcatalog; path = "Preview Assets.xcassets"; sourceTree = "<group>"; };
		80C287E62954E3E800067BBC /* LivefrontChallengeTests.xctest */ = {isa = PBXFileReference; explicitFileType = wrapper.cfbundle; includeInIndex = 0; path = LivefrontChallengeTests.xctest; sourceTree = BUILT_PRODUCTS_DIR; };
		80C287EA2954E3E800067BBC /* LivefrontChallengeTests.swift */ = {isa = PBXFileReference; lastKnownFileType = sourcecode.swift; path = LivefrontChallengeTests.swift; sourceTree = "<group>"; };
		80C287F02954E3E800067BBC /* LivefrontChallengeUITests.xctest */ = {isa = PBXFileReference; explicitFileType = wrapper.cfbundle; includeInIndex = 0; path = LivefrontChallengeUITests.xctest; sourceTree = BUILT_PRODUCTS_DIR; };
		80C287F42954E3E800067BBC /* LivefrontChallengeUITests.swift */ = {isa = PBXFileReference; lastKnownFileType = sourcecode.swift; path = LivefrontChallengeUITests.swift; sourceTree = "<group>"; };
		80C287F62954E3E800067BBC /* LivefrontChallengeUITestsLaunchTests.swift */ = {isa = PBXFileReference; lastKnownFileType = sourcecode.swift; path = LivefrontChallengeUITestsLaunchTests.swift; sourceTree = "<group>"; };
		80C288052954E8A400067BBC /* HTTPClient.swift */ = {isa = PBXFileReference; lastKnownFileType = sourcecode.swift; path = HTTPClient.swift; sourceTree = "<group>"; };
		80C288082954EAAC00067BBC /* HTTPClientTests.swift */ = {isa = PBXFileReference; lastKnownFileType = sourcecode.swift; path = HTTPClientTests.swift; sourceTree = "<group>"; };
		80C2880D2954EC8300067BBC /* Endpoint.swift */ = {isa = PBXFileReference; lastKnownFileType = sourcecode.swift; path = Endpoint.swift; sourceTree = "<group>"; };
		80C288102954EF7C00067BBC /* RequestMethod.swift */ = {isa = PBXFileReference; lastKnownFileType = sourcecode.swift; path = RequestMethod.swift; sourceTree = "<group>"; };
		80C288122954F06700067BBC /* RequestError.swift */ = {isa = PBXFileReference; lastKnownFileType = sourcecode.swift; path = RequestError.swift; sourceTree = "<group>"; };
		80C28816295508B500067BBC /* JSONPlaceHolderEndpoint.swift */ = {isa = PBXFileReference; lastKnownFileType = sourcecode.swift; path = JSONPlaceHolderEndpoint.swift; sourceTree = "<group>"; };
		80C2881929550BA900067BBC /* JSONPlaceHolderService.swift */ = {isa = PBXFileReference; lastKnownFileType = sourcecode.swift; path = JSONPlaceHolderService.swift; sourceTree = "<group>"; };
		80C2881C29550C1100067BBC /* JSONPlaceHolderResponse.swift */ = {isa = PBXFileReference; lastKnownFileType = sourcecode.swift; path = JSONPlaceHolderResponse.swift; sourceTree = "<group>"; };
		80D4BE292955230C000DA3B5 /* XCTest.framework */ = {isa = PBXFileReference; lastKnownFileType = wrapper.framework; name = XCTest.framework; path = Platforms/iPhoneOS.platform/Developer/Library/Frameworks/XCTest.framework; sourceTree = DEVELOPER_DIR; };
		80F9E63E295A7EDC00222177 /* NewsListView.swift */ = {isa = PBXFileReference; lastKnownFileType = sourcecode.swift; path = NewsListView.swift; sourceTree = "<group>"; };
		80F9E649295A826B00222177 /* tech.riv */ = {isa = PBXFileReference; lastKnownFileType = file; name = tech.riv; path = "../../../../../Dropbox (Personal)/My Mac (Velaru.cable.rcn.com)/Downloads/tech.riv"; sourceTree = "<group>"; };
		80F9E64B295A8E1100222177 /* SwiftUIView.swift */ = {isa = PBXFileReference; lastKnownFileType = sourcecode.swift; path = SwiftUIView.swift; sourceTree = "<group>"; };
		80F9E64D295AD05600222177 /* ContentGenerator.swift */ = {isa = PBXFileReference; lastKnownFileType = sourcecode.swift; path = ContentGenerator.swift; sourceTree = "<group>"; };
		80F9E64F295ADE2500222177 /* HackerNews.swift */ = {isa = PBXFileReference; lastKnownFileType = sourcecode.swift; path = HackerNews.swift; sourceTree = "<group>"; };
		80F9E651295AE09F00222177 /* HackerNewsService.swift */ = {isa = PBXFileReference; lastKnownFileType = sourcecode.swift; path = HackerNewsService.swift; sourceTree = "<group>"; };
/* End PBXFileReference section */

/* Begin PBXFrameworksBuildPhase section */
		80C287D32954E3E300067BBC /* Frameworks */ = {
			isa = PBXFrameworksBuildPhase;
			buildActionMask = 2147483647;
			files = (
				80C0A01829563E81000D6E30 /* BackedCodable in Frameworks */,
				80C0A04529579703000D6E30 /* DesignSystem in Frameworks */,
				80F9E642295A808300222177 /* RiveRuntime in Frameworks */,
			);
			runOnlyForDeploymentPostprocessing = 0;
		};
		80C287E32954E3E800067BBC /* Frameworks */ = {
			isa = PBXFrameworksBuildPhase;
			buildActionMask = 2147483647;
			files = (
				801C215B29552849008072D8 /* OHHTTPStubs in Frameworks */,
				801C215D29552849008072D8 /* OHHTTPStubsSwift in Frameworks */,
			);
			runOnlyForDeploymentPostprocessing = 0;
		};
		80C287ED2954E3E800067BBC /* Frameworks */ = {
			isa = PBXFrameworksBuildPhase;
			buildActionMask = 2147483647;
			files = (
			);
			runOnlyForDeploymentPostprocessing = 0;
		};
/* End PBXFrameworksBuildPhase section */

/* Begin PBXGroup section */
		801C215E29552991008072D8 /* Helpers */ = {
			isa = PBXGroup;
			children = (
				801C21612955364D008072D8 /* JSON */,
				801C215F295529AA008072D8 /* JSONFile.swift */,
				801C217029555E97008072D8 /* Dictionary.swift */,
				801C21722955633E008072D8 /* Encodable.swift */,
				80C0A01229561072000D6E30 /* URLQueryItemConvertable.swift */,
			);
			path = Helpers;
			sourceTree = "<group>";
		};
		801C21612955364D008072D8 /* JSON */ = {
			isa = PBXGroup;
			children = (
				801C21622955366C008072D8 /* JSONPlaceholder.json */,
				80C0A00529556D6B000D6E30 /* completion.json */,
				80C0A00E29560B10000D6E30 /* CryptoCompare.json */,
				80C0A01B295658C9000D6E30 /* CryptoCompareNewsCategories.json */,
			);
			path = JSON;
			sourceTree = "<group>";
		};
		808277462958C7F100CCA40B /* Utility */ = {
			isa = PBXGroup;
			children = (
				808277472958C80B00CCA40B /* StringExtTests.swift */,
			);
			path = Utility;
			sourceTree = "<group>";
		};
		80C0A00729557623000D6E30 /* Utility */ = {
			isa = PBXGroup;
			children = (
				80C0A00829557634000D6E30 /* Constants.swift */,
				80C0A02729575299000D6E30 /* Environment.swift */,
				80C0A029295753B4000D6E30 /* AppEnvironment.swift */,
				8082773E2957C7C700CCA40B /* Button.swift */,
				808277492958CFA100CCA40B /* StringExtension.swift */,
				80827753295903E100CCA40B /* Router.swift */,
			);
			path = Utility;
			sourceTree = "<group>";
		};
		80C0A01D29566E23000D6E30 /* Views */ = {
			isa = PBXGroup;
			children = (
				80C0A02029566E56000D6E30 /* ArticleSummaryView.swift */,
				808277402957D23000CCA40B /* RecommendationsView.swift */,
				808277422957D30600CCA40B /* MainHeadingView.swift */,
				8082774B2958E0BE00CCA40B /* NewsFeed.swift */,
				8082774D2958E30D00CCA40B /* ArticleView.swift */,
				8082774F2958E40400CCA40B /* NewsItem.swift */,
				80B2222D295A136600E3DA6F /* RootView.swift */,
				80B2222F295A1C9E00E3DA6F /* ToolbarModifier.swift */,
				80F9E63E295A7EDC00222177 /* NewsListView.swift */,
				80F9E64B295A8E1100222177 /* SwiftUIView.swift */,
				80F9E64D295AD05600222177 /* ContentGenerator.swift */,
			);
			path = Views;
			sourceTree = "<group>";
		};
		80C0A0222956A800000D6E30 /* Repository */ = {
			isa = PBXGroup;
			children = (
				80C0A02B29575591000D6E30 /* CategoryRepository.swift */,
				808277442957D5A700CCA40B /* ArticleRepository.swift */,
			);
			path = Repository;
			sourceTree = "<group>";
		};
		80C0A04629579B18000D6E30 /* Fonts */ = {
			isa = PBXGroup;
			children = (
				80C0A04929579B39000D6E30 /* LibreBaskerville-Bold.ttf */,
			);
			path = Fonts;
			sourceTree = "<group>";
		};
		80C287CD2954E3E300067BBC = {
			isa = PBXGroup;
			children = (
				80C287D82954E3E300067BBC /* LivefrontChallenge */,
				80C287E92954E3E800067BBC /* LivefrontChallengeTests */,
				80C287F32954E3E800067BBC /* LivefrontChallengeUITests */,
				80C287D72954E3E300067BBC /* Products */,
				80D4BE282955230C000DA3B5 /* Frameworks */,
			);
			sourceTree = "<group>";
		};
		80C287D72954E3E300067BBC /* Products */ = {
			isa = PBXGroup;
			children = (
				80C287D62954E3E300067BBC /* LivefrontChallenge.app */,
				80C287E62954E3E800067BBC /* LivefrontChallengeTests.xctest */,
				80C287F02954E3E800067BBC /* LivefrontChallengeUITests.xctest */,
			);
			name = Products;
			sourceTree = "<group>";
		};
		80C287D82954E3E300067BBC /* LivefrontChallenge */ = {
			isa = PBXGroup;
			children = (
				80216C6129579F9E001C9301 /* Info.plist */,
				80C0A043295796F5000D6E30 /* DesignSystem */,
				80C288032954E40400067BBC /* Network */,
				80C0A0222956A800000D6E30 /* Repository */,
				801C215E29552991008072D8 /* Helpers */,
				80C0A00729557623000D6E30 /* Utility */,
				80C0A04629579B18000D6E30 /* Fonts */,
				80F9E643295A809900222177 /* Design */,
				80C287D92954E3E300067BBC /* LivefrontChallengeApp.swift */,
				80C287DD2954E3E700067BBC /* Assets.xcassets */,
				80C287DF2954E3E700067BBC /* Preview Content */,
			);
			path = LivefrontChallenge;
			sourceTree = "<group>";
		};
		80C287DF2954E3E700067BBC /* Preview Content */ = {
			isa = PBXGroup;
			children = (
				80C287E02954E3E700067BBC /* Preview Assets.xcassets */,
			);
			path = "Preview Content";
			sourceTree = "<group>";
		};
		80C287E92954E3E800067BBC /* LivefrontChallengeTests */ = {
			isa = PBXGroup;
			children = (
				808277462958C7F100CCA40B /* Utility */,
				80C288072954EA8500067BBC /* Client */,
				80C287EA2954E3E800067BBC /* LivefrontChallengeTests.swift */,
			);
			path = LivefrontChallengeTests;
			sourceTree = "<group>";
		};
		80C287F32954E3E800067BBC /* LivefrontChallengeUITests */ = {
			isa = PBXGroup;
			children = (
				80C287F42954E3E800067BBC /* LivefrontChallengeUITests.swift */,
				80C287F62954E3E800067BBC /* LivefrontChallengeUITestsLaunchTests.swift */,
			);
			path = LivefrontChallengeUITests;
			sourceTree = "<group>";
		};
		80C288032954E40400067BBC /* Network */ = {
			isa = PBXGroup;
			children = (
				80C2881B29550BF400067BBC /* Models */,
				80C2881829550B9700067BBC /* Service */,
				80C288152955089600067BBC /* Endpoints */,
				80C2880A2954EC0100067BBC /* Base */,
				80C288042954E88200067BBC /* Client */,
			);
			path = Network;
			sourceTree = "<group>";
		};
		80C288042954E88200067BBC /* Client */ = {
			isa = PBXGroup;
			children = (
				80C288052954E8A400067BBC /* HTTPClient.swift */,
				80C288102954EF7C00067BBC /* RequestMethod.swift */,
				80C288122954F06700067BBC /* RequestError.swift */,
			);
			path = Client;
			sourceTree = "<group>";
		};
		80C288072954EA8500067BBC /* Client */ = {
			isa = PBXGroup;
			children = (
				80C288082954EAAC00067BBC /* HTTPClientTests.swift */,
				801C216E29555B4A008072D8 /* OpenAITests.swift */,
				80C0A014295611D5000D6E30 /* CryptoCompareTests.swift */,
			);
			path = Client;
			sourceTree = "<group>";
		};
		80C2880A2954EC0100067BBC /* Base */ = {
			isa = PBXGroup;
			children = (
				80C2880D2954EC8300067BBC /* Endpoint.swift */,
			);
			path = Base;
			sourceTree = "<group>";
		};
		80C288152955089600067BBC /* Endpoints */ = {
			isa = PBXGroup;
			children = (
				80C28816295508B500067BBC /* JSONPlaceHolderEndpoint.swift */,
				801C216429553BDC008072D8 /* GeckoEndpoint.swift */,
				801C216C29554C86008072D8 /* OpenAIEndpoint.swift */,
				80C0A00A29560919000D6E30 /* CryptoCompareEndpoint.swift */,
				80F9E64F295ADE2500222177 /* HackerNews.swift */,
			);
			path = Endpoints;
			sourceTree = "<group>";
		};
		80C2881829550B9700067BBC /* Service */ = {
			isa = PBXGroup;
			children = (
				80C2881929550BA900067BBC /* JSONPlaceHolderService.swift */,
				801C216629553E7D008072D8 /* GeckoService.swift */,
				801C216829554B98008072D8 /* OpenAIService.swift */,
				80C0A01029560EBE000D6E30 /* CryptoCompareService.swift */,
				80F9E651295AE09F00222177 /* HackerNewsService.swift */,
			);
			path = Service;
			sourceTree = "<group>";
		};
		80C2881B29550BF400067BBC /* Models */ = {
			isa = PBXGroup;
			children = (
				80C2881C29550C1100067BBC /* JSONPlaceHolderResponse.swift */,
				801C216A29554BEE008072D8 /* OpenAIModels.swift */,
				80C0A00C29560A46000D6E30 /* CryptoCompareModels.swift */,
			);
			path = Models;
			sourceTree = "<group>";
		};
		80D4BE282955230C000DA3B5 /* Frameworks */ = {
			isa = PBXGroup;
			children = (
				80D4BE292955230C000DA3B5 /* XCTest.framework */,
			);
			name = Frameworks;
			sourceTree = "<group>";
		};
		80F9E643295A809900222177 /* Design */ = {
			isa = PBXGroup;
			children = (
				80F9E644295A80B300222177 /* Rive */,
				80C0A01D29566E23000D6E30 /* Views */,
			);
			path = Design;
			sourceTree = "<group>";
		};
		80F9E644295A80B300222177 /* Rive */ = {
			isa = PBXGroup;
			children = (
				80F9E649295A826B00222177 /* tech.riv */,
			);
			path = Rive;
			sourceTree = "<group>";
		};
/* End PBXGroup section */

/* Begin PBXNativeTarget section */
		80C287D52954E3E300067BBC /* LivefrontChallenge */ = {
			isa = PBXNativeTarget;
			buildConfigurationList = 80C287FA2954E3E800067BBC /* Build configuration list for PBXNativeTarget "LivefrontChallenge" */;
			buildPhases = (
				80C287D22954E3E300067BBC /* Sources */,
				80C287D32954E3E300067BBC /* Frameworks */,
				80C287D42954E3E300067BBC /* Resources */,
			);
			buildRules = (
			);
			dependencies = (
			);
			name = LivefrontChallenge;
			packageProductDependencies = (
				80C0A01729563E81000D6E30 /* BackedCodable */,
				80C0A04429579703000D6E30 /* DesignSystem */,
				80F9E641295A808300222177 /* RiveRuntime */,
			);
			productName = LivefrontChallenge;
			productReference = 80C287D62954E3E300067BBC /* LivefrontChallenge.app */;
			productType = "com.apple.product-type.application";
		};
		80C287E52954E3E800067BBC /* LivefrontChallengeTests */ = {
			isa = PBXNativeTarget;
			buildConfigurationList = 80C287FD2954E3E800067BBC /* Build configuration list for PBXNativeTarget "LivefrontChallengeTests" */;
			buildPhases = (
				80C287E22954E3E800067BBC /* Sources */,
				80C287E32954E3E800067BBC /* Frameworks */,
				80C287E42954E3E800067BBC /* Resources */,
			);
			buildRules = (
			);
			dependencies = (
				80C287E82954E3E800067BBC /* PBXTargetDependency */,
			);
			name = LivefrontChallengeTests;
			packageProductDependencies = (
				801C215A29552849008072D8 /* OHHTTPStubs */,
				801C215C29552849008072D8 /* OHHTTPStubsSwift */,
			);
			productName = LivefrontChallengeTests;
			productReference = 80C287E62954E3E800067BBC /* LivefrontChallengeTests.xctest */;
			productType = "com.apple.product-type.bundle.unit-test";
		};
		80C287EF2954E3E800067BBC /* LivefrontChallengeUITests */ = {
			isa = PBXNativeTarget;
			buildConfigurationList = 80C288002954E3E800067BBC /* Build configuration list for PBXNativeTarget "LivefrontChallengeUITests" */;
			buildPhases = (
				80C287EC2954E3E800067BBC /* Sources */,
				80C287ED2954E3E800067BBC /* Frameworks */,
				80C287EE2954E3E800067BBC /* Resources */,
			);
			buildRules = (
			);
			dependencies = (
				80C287F22954E3E800067BBC /* PBXTargetDependency */,
			);
			name = LivefrontChallengeUITests;
			productName = LivefrontChallengeUITests;
			productReference = 80C287F02954E3E800067BBC /* LivefrontChallengeUITests.xctest */;
			productType = "com.apple.product-type.bundle.ui-testing";
		};
/* End PBXNativeTarget section */

/* Begin PBXProject section */
		80C287CE2954E3E300067BBC /* Project object */ = {
			isa = PBXProject;
			attributes = {
				BuildIndependentTargetsInParallel = 1;
				LastSwiftUpdateCheck = 1400;
				LastUpgradeCheck = 1400;
				TargetAttributes = {
					80C287D52954E3E300067BBC = {
						CreatedOnToolsVersion = 14.0.1;
					};
					80C287E52954E3E800067BBC = {
						CreatedOnToolsVersion = 14.0.1;
						TestTargetID = 80C287D52954E3E300067BBC;
					};
					80C287EF2954E3E800067BBC = {
						CreatedOnToolsVersion = 14.0.1;
						TestTargetID = 80C287D52954E3E300067BBC;
					};
				};
			};
			buildConfigurationList = 80C287D12954E3E300067BBC /* Build configuration list for PBXProject "LivefrontChallenge" */;
			compatibilityVersion = "Xcode 13.0";
			developmentRegion = en;
			hasScannedForEncodings = 0;
			knownRegions = (
				en,
				Base,
			);
			mainGroup = 80C287CD2954E3E300067BBC;
			packageReferences = (
				801C215929552849008072D8 /* XCRemoteSwiftPackageReference "OHHTTPStubs" */,
				80C0A01629563E81000D6E30 /* XCRemoteSwiftPackageReference "BackedCodable" */,
				80F9E640295A808300222177 /* XCRemoteSwiftPackageReference "rive-ios" */,
			);
			productRefGroup = 80C287D72954E3E300067BBC /* Products */;
			projectDirPath = "";
			projectRoot = "";
			targets = (
				80C287D52954E3E300067BBC /* LivefrontChallenge */,
				80C287E52954E3E800067BBC /* LivefrontChallengeTests */,
				80C287EF2954E3E800067BBC /* LivefrontChallengeUITests */,
			);
		};
/* End PBXProject section */

/* Begin PBXResourcesBuildPhase section */
		80C287D42954E3E300067BBC /* Resources */ = {
			isa = PBXResourcesBuildPhase;
			buildActionMask = 2147483647;
			files = (
				80C0A00F29560B10000D6E30 /* CryptoCompare.json in Resources */,
				801C21632955366C008072D8 /* JSONPlaceholder.json in Resources */,
				80C0A00629556D6B000D6E30 /* completion.json in Resources */,
				80F9E64A295A826B00222177 /* tech.riv in Resources */,
				80C287E12954E3E700067BBC /* Preview Assets.xcassets in Resources */,
				80C0A04C29579B39000D6E30 /* LibreBaskerville-Bold.ttf in Resources */,
				80C0A01C295658C9000D6E30 /* CryptoCompareNewsCategories.json in Resources */,
				80C287DE2954E3E700067BBC /* Assets.xcassets in Resources */,
			);
			runOnlyForDeploymentPostprocessing = 0;
		};
		80C287E42954E3E800067BBC /* Resources */ = {
			isa = PBXResourcesBuildPhase;
			buildActionMask = 2147483647;
			files = (
			);
			runOnlyForDeploymentPostprocessing = 0;
		};
		80C287EE2954E3E800067BBC /* Resources */ = {
			isa = PBXResourcesBuildPhase;
			buildActionMask = 2147483647;
			files = (
			);
			runOnlyForDeploymentPostprocessing = 0;
		};
/* End PBXResourcesBuildPhase section */

/* Begin PBXSourcesBuildPhase section */
		80C287D22954E3E300067BBC /* Sources */ = {
			isa = PBXSourcesBuildPhase;
			buildActionMask = 2147483647;
			files = (
				80C0A00D29560A46000D6E30 /* CryptoCompareModels.swift in Sources */,
				8082774A2958CFA100CCA40B /* StringExtension.swift in Sources */,
				801C217129555E97008072D8 /* Dictionary.swift in Sources */,
				801C216B29554BEE008072D8 /* OpenAIModels.swift in Sources */,
				808277452957D5A700CCA40B /* ArticleRepository.swift in Sources */,
				80C287DA2954E3E300067BBC /* LivefrontChallengeApp.swift in Sources */,
				80C0A02129566E56000D6E30 /* ArticleSummaryView.swift in Sources */,
				801C216929554B98008072D8 /* OpenAIService.swift in Sources */,
				80C28817295508B500067BBC /* JSONPlaceHolderEndpoint.swift in Sources */,
				8082774E2958E30D00CCA40B /* ArticleView.swift in Sources */,
				80F9E64E295AD05600222177 /* ContentGenerator.swift in Sources */,
				80C0A00B2956091A000D6E30 /* CryptoCompareEndpoint.swift in Sources */,
				80C288132954F06700067BBC /* RequestError.swift in Sources */,
				80C0A01129560EBE000D6E30 /* CryptoCompareService.swift in Sources */,
				801C216D29554C86008072D8 /* OpenAIEndpoint.swift in Sources */,
				80C2880E2954EC8300067BBC /* Endpoint.swift in Sources */,
				801C216529553BDC008072D8 /* GeckoEndpoint.swift in Sources */,
				80827754295903E100CCA40B /* Router.swift in Sources */,
				80C0A02C29575591000D6E30 /* CategoryRepository.swift in Sources */,
				80C2881D29550C1100067BBC /* JSONPlaceHolderResponse.swift in Sources */,
				8082773F2957C7C700CCA40B /* Button.swift in Sources */,
				80C2881A29550BA900067BBC /* JSONPlaceHolderService.swift in Sources */,
				801C2160295529AA008072D8 /* JSONFile.swift in Sources */,
				80C288112954EF7C00067BBC /* RequestMethod.swift in Sources */,
				80C0A02829575299000D6E30 /* Environment.swift in Sources */,
				801C21732955633E008072D8 /* Encodable.swift in Sources */,
				80C0A02A295753B4000D6E30 /* AppEnvironment.swift in Sources */,
				808277412957D23000CCA40B /* RecommendationsView.swift in Sources */,
				8082774C2958E0BE00CCA40B /* NewsFeed.swift in Sources */,
				80F9E64C295A8E1100222177 /* SwiftUIView.swift in Sources */,
				80C288062954E8A400067BBC /* HTTPClient.swift in Sources */,
				801C216729553E7D008072D8 /* GeckoService.swift in Sources */,
				80C0A00929557634000D6E30 /* Constants.swift in Sources */,
				80B2222E295A136600E3DA6F /* RootView.swift in Sources */,
				808277502958E40400CCA40B /* NewsItem.swift in Sources */,
				808277432957D30600CCA40B /* MainHeadingView.swift in Sources */,
				80F9E652295AE09F00222177 /* HackerNewsService.swift in Sources */,
				80F9E63F295A7EDC00222177 /* NewsListView.swift in Sources */,
				80B22230295A1C9E00E3DA6F /* ToolbarModifier.swift in Sources */,
				80F9E650295ADE2500222177 /* HackerNews.swift in Sources */,
				80C0A01329561072000D6E30 /* URLQueryItemConvertable.swift in Sources */,
			);
			runOnlyForDeploymentPostprocessing = 0;
		};
		80C287E22954E3E800067BBC /* Sources */ = {
			isa = PBXSourcesBuildPhase;
			buildActionMask = 2147483647;
			files = (
				80C288092954EAAC00067BBC /* HTTPClientTests.swift in Sources */,
				801C216F29555B4A008072D8 /* OpenAITests.swift in Sources */,
				80C0A015295611D5000D6E30 /* CryptoCompareTests.swift in Sources */,
				80C287EB2954E3E800067BBC /* LivefrontChallengeTests.swift in Sources */,
				808277482958C80B00CCA40B /* StringExtTests.swift in Sources */,
			);
			runOnlyForDeploymentPostprocessing = 0;
		};
		80C287EC2954E3E800067BBC /* Sources */ = {
			isa = PBXSourcesBuildPhase;
			buildActionMask = 2147483647;
			files = (
				80C287F72954E3E800067BBC /* LivefrontChallengeUITestsLaunchTests.swift in Sources */,
				80C287F52954E3E800067BBC /* LivefrontChallengeUITests.swift in Sources */,
			);
			runOnlyForDeploymentPostprocessing = 0;
		};
/* End PBXSourcesBuildPhase section */

/* Begin PBXTargetDependency section */
		80C287E82954E3E800067BBC /* PBXTargetDependency */ = {
			isa = PBXTargetDependency;
			target = 80C287D52954E3E300067BBC /* LivefrontChallenge */;
			targetProxy = 80C287E72954E3E800067BBC /* PBXContainerItemProxy */;
		};
		80C287F22954E3E800067BBC /* PBXTargetDependency */ = {
			isa = PBXTargetDependency;
			target = 80C287D52954E3E300067BBC /* LivefrontChallenge */;
			targetProxy = 80C287F12954E3E800067BBC /* PBXContainerItemProxy */;
		};
/* End PBXTargetDependency section */

/* Begin XCBuildConfiguration section */
		80C287F82954E3E800067BBC /* Debug */ = {
			isa = XCBuildConfiguration;
			buildSettings = {
				ALWAYS_SEARCH_USER_PATHS = NO;
				CLANG_ANALYZER_NONNULL = YES;
				CLANG_ANALYZER_NUMBER_OBJECT_CONVERSION = YES_AGGRESSIVE;
				CLANG_CXX_LANGUAGE_STANDARD = "gnu++20";
				CLANG_ENABLE_MODULES = YES;
				CLANG_ENABLE_OBJC_ARC = YES;
				CLANG_ENABLE_OBJC_WEAK = YES;
				CLANG_WARN_BLOCK_CAPTURE_AUTORELEASING = YES;
				CLANG_WARN_BOOL_CONVERSION = YES;
				CLANG_WARN_COMMA = YES;
				CLANG_WARN_CONSTANT_CONVERSION = YES;
				CLANG_WARN_DEPRECATED_OBJC_IMPLEMENTATIONS = YES;
				CLANG_WARN_DIRECT_OBJC_ISA_USAGE = YES_ERROR;
				CLANG_WARN_DOCUMENTATION_COMMENTS = YES;
				CLANG_WARN_EMPTY_BODY = YES;
				CLANG_WARN_ENUM_CONVERSION = YES;
				CLANG_WARN_INFINITE_RECURSION = YES;
				CLANG_WARN_INT_CONVERSION = YES;
				CLANG_WARN_NON_LITERAL_NULL_CONVERSION = YES;
				CLANG_WARN_OBJC_IMPLICIT_RETAIN_SELF = YES;
				CLANG_WARN_OBJC_LITERAL_CONVERSION = YES;
				CLANG_WARN_OBJC_ROOT_CLASS = YES_ERROR;
				CLANG_WARN_QUOTED_INCLUDE_IN_FRAMEWORK_HEADER = YES;
				CLANG_WARN_RANGE_LOOP_ANALYSIS = YES;
				CLANG_WARN_STRICT_PROTOTYPES = YES;
				CLANG_WARN_SUSPICIOUS_MOVE = YES;
				CLANG_WARN_UNGUARDED_AVAILABILITY = YES_AGGRESSIVE;
				CLANG_WARN_UNREACHABLE_CODE = YES;
				CLANG_WARN__DUPLICATE_METHOD_MATCH = YES;
				COPY_PHASE_STRIP = NO;
				DEBUG_INFORMATION_FORMAT = dwarf;
				ENABLE_STRICT_OBJC_MSGSEND = YES;
				ENABLE_TESTABILITY = YES;
				GCC_C_LANGUAGE_STANDARD = gnu11;
				GCC_DYNAMIC_NO_PIC = NO;
				GCC_NO_COMMON_BLOCKS = YES;
				GCC_OPTIMIZATION_LEVEL = 0;
				GCC_PREPROCESSOR_DEFINITIONS = (
					"DEBUG=1",
					"$(inherited)",
				);
				GCC_WARN_64_TO_32_BIT_CONVERSION = YES;
				GCC_WARN_ABOUT_RETURN_TYPE = YES_ERROR;
				GCC_WARN_UNDECLARED_SELECTOR = YES;
				GCC_WARN_UNINITIALIZED_AUTOS = YES_AGGRESSIVE;
				GCC_WARN_UNUSED_FUNCTION = YES;
				GCC_WARN_UNUSED_VARIABLE = YES;
				IPHONEOS_DEPLOYMENT_TARGET = 16.0;
				MTL_ENABLE_DEBUG_INFO = INCLUDE_SOURCE;
				MTL_FAST_MATH = YES;
				ONLY_ACTIVE_ARCH = YES;
				SDKROOT = iphoneos;
				SWIFT_ACTIVE_COMPILATION_CONDITIONS = DEBUG;
				SWIFT_OPTIMIZATION_LEVEL = "-Onone";
			};
			name = Debug;
		};
		80C287F92954E3E800067BBC /* Release */ = {
			isa = XCBuildConfiguration;
			buildSettings = {
				ALWAYS_SEARCH_USER_PATHS = NO;
				CLANG_ANALYZER_NONNULL = YES;
				CLANG_ANALYZER_NUMBER_OBJECT_CONVERSION = YES_AGGRESSIVE;
				CLANG_CXX_LANGUAGE_STANDARD = "gnu++20";
				CLANG_ENABLE_MODULES = YES;
				CLANG_ENABLE_OBJC_ARC = YES;
				CLANG_ENABLE_OBJC_WEAK = YES;
				CLANG_WARN_BLOCK_CAPTURE_AUTORELEASING = YES;
				CLANG_WARN_BOOL_CONVERSION = YES;
				CLANG_WARN_COMMA = YES;
				CLANG_WARN_CONSTANT_CONVERSION = YES;
				CLANG_WARN_DEPRECATED_OBJC_IMPLEMENTATIONS = YES;
				CLANG_WARN_DIRECT_OBJC_ISA_USAGE = YES_ERROR;
				CLANG_WARN_DOCUMENTATION_COMMENTS = YES;
				CLANG_WARN_EMPTY_BODY = YES;
				CLANG_WARN_ENUM_CONVERSION = YES;
				CLANG_WARN_INFINITE_RECURSION = YES;
				CLANG_WARN_INT_CONVERSION = YES;
				CLANG_WARN_NON_LITERAL_NULL_CONVERSION = YES;
				CLANG_WARN_OBJC_IMPLICIT_RETAIN_SELF = YES;
				CLANG_WARN_OBJC_LITERAL_CONVERSION = YES;
				CLANG_WARN_OBJC_ROOT_CLASS = YES_ERROR;
				CLANG_WARN_QUOTED_INCLUDE_IN_FRAMEWORK_HEADER = YES;
				CLANG_WARN_RANGE_LOOP_ANALYSIS = YES;
				CLANG_WARN_STRICT_PROTOTYPES = YES;
				CLANG_WARN_SUSPICIOUS_MOVE = YES;
				CLANG_WARN_UNGUARDED_AVAILABILITY = YES_AGGRESSIVE;
				CLANG_WARN_UNREACHABLE_CODE = YES;
				CLANG_WARN__DUPLICATE_METHOD_MATCH = YES;
				COPY_PHASE_STRIP = NO;
				DEBUG_INFORMATION_FORMAT = "dwarf-with-dsym";
				ENABLE_NS_ASSERTIONS = NO;
				ENABLE_STRICT_OBJC_MSGSEND = YES;
				GCC_C_LANGUAGE_STANDARD = gnu11;
				GCC_NO_COMMON_BLOCKS = YES;
				GCC_WARN_64_TO_32_BIT_CONVERSION = YES;
				GCC_WARN_ABOUT_RETURN_TYPE = YES_ERROR;
				GCC_WARN_UNDECLARED_SELECTOR = YES;
				GCC_WARN_UNINITIALIZED_AUTOS = YES_AGGRESSIVE;
				GCC_WARN_UNUSED_FUNCTION = YES;
				GCC_WARN_UNUSED_VARIABLE = YES;
				IPHONEOS_DEPLOYMENT_TARGET = 16.0;
				MTL_ENABLE_DEBUG_INFO = NO;
				MTL_FAST_MATH = YES;
				SDKROOT = iphoneos;
				SWIFT_COMPILATION_MODE = wholemodule;
				SWIFT_OPTIMIZATION_LEVEL = "-O";
				VALIDATE_PRODUCT = YES;
			};
			name = Release;
		};
		80C287FB2954E3E800067BBC /* Debug */ = {
			isa = XCBuildConfiguration;
			buildSettings = {
				ASSETCATALOG_COMPILER_APPICON_NAME = AppIcon;
				ASSETCATALOG_COMPILER_GLOBAL_ACCENT_COLOR_NAME = AccentColor;
				CODE_SIGN_STYLE = Automatic;
				CURRENT_PROJECT_VERSION = 1;
				DEVELOPMENT_ASSET_PATHS = "\"LivefrontChallenge/Preview Content\"";
				DEVELOPMENT_TEAM = U4U5EF5UUY;
				ENABLE_PREVIEWS = YES;
				GENERATE_INFOPLIST_FILE = YES;
				INFOPLIST_FILE = LivefrontChallenge/Info.plist;
				INFOPLIST_KEY_LSApplicationCategoryType = "";
				INFOPLIST_KEY_UIApplicationSceneManifest_Generation = YES;
				INFOPLIST_KEY_UIApplicationSupportsIndirectInputEvents = YES;
				INFOPLIST_KEY_UILaunchScreen_Generation = YES;
				INFOPLIST_KEY_UISupportedInterfaceOrientations_iPad = "UIInterfaceOrientationPortrait UIInterfaceOrientationPortraitUpsideDown UIInterfaceOrientationLandscapeLeft UIInterfaceOrientationLandscapeRight";
				INFOPLIST_KEY_UISupportedInterfaceOrientations_iPhone = "UIInterfaceOrientationPortrait UIInterfaceOrientationLandscapeLeft UIInterfaceOrientationLandscapeRight";
				LD_RUNPATH_SEARCH_PATHS = (
					"$(inherited)",
					"@executable_path/Frameworks",
				);
				MARKETING_VERSION = 1.0;
				PRODUCT_BUNDLE_IDENTIFIER = com.velaru.LivefrontChallenge;
				PRODUCT_NAME = "$(TARGET_NAME)";
				SWIFT_EMIT_LOC_STRINGS = YES;
				SWIFT_VERSION = 5.0;
				TARGETED_DEVICE_FAMILY = "1,2";
			};
			name = Debug;
		};
		80C287FC2954E3E800067BBC /* Release */ = {
			isa = XCBuildConfiguration;
			buildSettings = {
				ASSETCATALOG_COMPILER_APPICON_NAME = AppIcon;
				ASSETCATALOG_COMPILER_GLOBAL_ACCENT_COLOR_NAME = AccentColor;
				CODE_SIGN_STYLE = Automatic;
				CURRENT_PROJECT_VERSION = 1;
				DEVELOPMENT_ASSET_PATHS = "\"LivefrontChallenge/Preview Content\"";
				DEVELOPMENT_TEAM = U4U5EF5UUY;
				ENABLE_PREVIEWS = YES;
				GENERATE_INFOPLIST_FILE = YES;
				INFOPLIST_FILE = LivefrontChallenge/Info.plist;
				INFOPLIST_KEY_LSApplicationCategoryType = "";
				INFOPLIST_KEY_UIApplicationSceneManifest_Generation = YES;
				INFOPLIST_KEY_UIApplicationSupportsIndirectInputEvents = YES;
				INFOPLIST_KEY_UILaunchScreen_Generation = YES;
				INFOPLIST_KEY_UISupportedInterfaceOrientations_iPad = "UIInterfaceOrientationPortrait UIInterfaceOrientationPortraitUpsideDown UIInterfaceOrientationLandscapeLeft UIInterfaceOrientationLandscapeRight";
				INFOPLIST_KEY_UISupportedInterfaceOrientations_iPhone = "UIInterfaceOrientationPortrait UIInterfaceOrientationLandscapeLeft UIInterfaceOrientationLandscapeRight";
				LD_RUNPATH_SEARCH_PATHS = (
					"$(inherited)",
					"@executable_path/Frameworks",
				);
				MARKETING_VERSION = 1.0;
				PRODUCT_BUNDLE_IDENTIFIER = com.velaru.LivefrontChallenge;
				PRODUCT_NAME = "$(TARGET_NAME)";
				SWIFT_EMIT_LOC_STRINGS = YES;
				SWIFT_VERSION = 5.0;
				TARGETED_DEVICE_FAMILY = "1,2";
			};
			name = Release;
		};
		80C287FE2954E3E800067BBC /* Debug */ = {
			isa = XCBuildConfiguration;
			buildSettings = {
				ALWAYS_EMBED_SWIFT_STANDARD_LIBRARIES = YES;
				BUNDLE_LOADER = "$(TEST_HOST)";
				CODE_SIGN_STYLE = Automatic;
				CURRENT_PROJECT_VERSION = 1;
				DEVELOPMENT_TEAM = U4U5EF5UUY;
				GENERATE_INFOPLIST_FILE = YES;
				IPHONEOS_DEPLOYMENT_TARGET = 16.0;
				MARKETING_VERSION = 1.0;
				PRODUCT_BUNDLE_IDENTIFIER = com.velaru.LivefrontChallengeTests;
				PRODUCT_NAME = "$(TARGET_NAME)";
				SWIFT_EMIT_LOC_STRINGS = NO;
				SWIFT_VERSION = 5.0;
				TARGETED_DEVICE_FAMILY = "1,2";
				TEST_HOST = "$(BUILT_PRODUCTS_DIR)/LivefrontChallenge.app/$(BUNDLE_EXECUTABLE_FOLDER_PATH)/LivefrontChallenge";
			};
			name = Debug;
		};
		80C287FF2954E3E800067BBC /* Release */ = {
			isa = XCBuildConfiguration;
			buildSettings = {
				ALWAYS_EMBED_SWIFT_STANDARD_LIBRARIES = YES;
				BUNDLE_LOADER = "$(TEST_HOST)";
				CODE_SIGN_STYLE = Automatic;
				CURRENT_PROJECT_VERSION = 1;
				DEVELOPMENT_TEAM = U4U5EF5UUY;
				GENERATE_INFOPLIST_FILE = YES;
				IPHONEOS_DEPLOYMENT_TARGET = 16.0;
				MARKETING_VERSION = 1.0;
				PRODUCT_BUNDLE_IDENTIFIER = com.velaru.LivefrontChallengeTests;
				PRODUCT_NAME = "$(TARGET_NAME)";
				SWIFT_EMIT_LOC_STRINGS = NO;
				SWIFT_VERSION = 5.0;
				TARGETED_DEVICE_FAMILY = "1,2";
				TEST_HOST = "$(BUILT_PRODUCTS_DIR)/LivefrontChallenge.app/$(BUNDLE_EXECUTABLE_FOLDER_PATH)/LivefrontChallenge";
			};
			name = Release;
		};
		80C288012954E3E800067BBC /* Debug */ = {
			isa = XCBuildConfiguration;
			buildSettings = {
				ALWAYS_EMBED_SWIFT_STANDARD_LIBRARIES = YES;
				CODE_SIGN_STYLE = Automatic;
				CURRENT_PROJECT_VERSION = 1;
				DEVELOPMENT_TEAM = U4U5EF5UUY;
				GENERATE_INFOPLIST_FILE = YES;
				MARKETING_VERSION = 1.0;
				PRODUCT_BUNDLE_IDENTIFIER = com.velaru.LivefrontChallengeUITests;
				PRODUCT_NAME = "$(TARGET_NAME)";
				SWIFT_EMIT_LOC_STRINGS = NO;
				SWIFT_VERSION = 5.0;
				TARGETED_DEVICE_FAMILY = "1,2";
				TEST_TARGET_NAME = LivefrontChallenge;
			};
			name = Debug;
		};
		80C288022954E3E800067BBC /* Release */ = {
			isa = XCBuildConfiguration;
			buildSettings = {
				ALWAYS_EMBED_SWIFT_STANDARD_LIBRARIES = YES;
				CODE_SIGN_STYLE = Automatic;
				CURRENT_PROJECT_VERSION = 1;
				DEVELOPMENT_TEAM = U4U5EF5UUY;
				GENERATE_INFOPLIST_FILE = YES;
				MARKETING_VERSION = 1.0;
				PRODUCT_BUNDLE_IDENTIFIER = com.velaru.LivefrontChallengeUITests;
				PRODUCT_NAME = "$(TARGET_NAME)";
				SWIFT_EMIT_LOC_STRINGS = NO;
				SWIFT_VERSION = 5.0;
				TARGETED_DEVICE_FAMILY = "1,2";
				TEST_TARGET_NAME = LivefrontChallenge;
			};
			name = Release;
		};
/* End XCBuildConfiguration section */

/* Begin XCConfigurationList section */
		80C287D12954E3E300067BBC /* Build configuration list for PBXProject "LivefrontChallenge" */ = {
			isa = XCConfigurationList;
			buildConfigurations = (
				80C287F82954E3E800067BBC /* Debug */,
				80C287F92954E3E800067BBC /* Release */,
			);
			defaultConfigurationIsVisible = 0;
			defaultConfigurationName = Release;
		};
		80C287FA2954E3E800067BBC /* Build configuration list for PBXNativeTarget "LivefrontChallenge" */ = {
			isa = XCConfigurationList;
			buildConfigurations = (
				80C287FB2954E3E800067BBC /* Debug */,
				80C287FC2954E3E800067BBC /* Release */,
			);
			defaultConfigurationIsVisible = 0;
			defaultConfigurationName = Release;
		};
		80C287FD2954E3E800067BBC /* Build configuration list for PBXNativeTarget "LivefrontChallengeTests" */ = {
			isa = XCConfigurationList;
			buildConfigurations = (
				80C287FE2954E3E800067BBC /* Debug */,
				80C287FF2954E3E800067BBC /* Release */,
			);
			defaultConfigurationIsVisible = 0;
			defaultConfigurationName = Release;
		};
		80C288002954E3E800067BBC /* Build configuration list for PBXNativeTarget "LivefrontChallengeUITests" */ = {
			isa = XCConfigurationList;
			buildConfigurations = (
				80C288012954E3E800067BBC /* Debug */,
				80C288022954E3E800067BBC /* Release */,
			);
			defaultConfigurationIsVisible = 0;
			defaultConfigurationName = Release;
		};
/* End XCConfigurationList section */

/* Begin XCRemoteSwiftPackageReference section */
		801C215929552849008072D8 /* XCRemoteSwiftPackageReference "OHHTTPStubs" */ = {
			isa = XCRemoteSwiftPackageReference;
			repositoryURL = "https://github.com/AliSoftware/OHHTTPStubs";
			requirement = {
				branch = master;
				kind = branch;
			};
		};
		80C0A01629563E81000D6E30 /* XCRemoteSwiftPackageReference "BackedCodable" */ = {
			isa = XCRemoteSwiftPackageReference;
			repositoryURL = "https://github.com/jegnux/BackedCodable";
			requirement = {
				branch = main;
				kind = branch;
			};
		};
		80F9E640295A808300222177 /* XCRemoteSwiftPackageReference "rive-ios" */ = {
			isa = XCRemoteSwiftPackageReference;
			repositoryURL = "https://github.com/rive-app/rive-ios";
			requirement = {
				kind = upToNextMajorVersion;
				minimumVersion = 3.0.0;
			};
		};
/* End XCRemoteSwiftPackageReference section */

/* Begin XCSwiftPackageProductDependency section */
		801C215A29552849008072D8 /* OHHTTPStubs */ = {
			isa = XCSwiftPackageProductDependency;
			package = 801C215929552849008072D8 /* XCRemoteSwiftPackageReference "OHHTTPStubs" */;
			productName = OHHTTPStubs;
		};
		801C215C29552849008072D8 /* OHHTTPStubsSwift */ = {
			isa = XCSwiftPackageProductDependency;
			package = 801C215929552849008072D8 /* XCRemoteSwiftPackageReference "OHHTTPStubs" */;
			productName = OHHTTPStubsSwift;
		};
		80C0A01729563E81000D6E30 /* BackedCodable */ = {
			isa = XCSwiftPackageProductDependency;
			package = 80C0A01629563E81000D6E30 /* XCRemoteSwiftPackageReference "BackedCodable" */;
			productName = BackedCodable;
		};
		80C0A04429579703000D6E30 /* DesignSystem */ = {
			isa = XCSwiftPackageProductDependency;
			productName = DesignSystem;
		};
		80F9E641295A808300222177 /* RiveRuntime */ = {
			isa = XCSwiftPackageProductDependency;
			package = 80F9E640295A808300222177 /* XCRemoteSwiftPackageReference "rive-ios" */;
			productName = RiveRuntime;
		};
/* End XCSwiftPackageProductDependency section */
	};
	rootObject = 80C287CE2954E3E300067BBC /* Project object */;
}
